
Microsoft Visual Studio Solution File, Format Version 12.00
# Visual Studio Version 17
VisualStudioVersion = 17.2.32630.192
MinimumVisualStudioVersion = 10.0.40219.1
Project("{00D1A9C2-B5F0-4AF3-8072-F6C62B433612}") = "PRMData", "TRMData\PRMData.sqlproj", "{E45A7E3E-A22C-4536-9869-45B36884522C}"
EndProject
Project("{9A19103F-16F7-4668-BE54-9A1E7A4F7556}") = "PRMDesktopUI", "PRMDesktopUI\PRMDesktopUI.csproj", "{0002341E-B275-457E-BC5A-9FF9AE9A6B4E}"
EndProject
Project("{9A19103F-16F7-4668-BE54-9A1E7A4F7556}") = "PRMDataManager.Library", "PRMDataManager.Library\PRMDataManager.Library.csproj", "{C122976F-3832-4F35-A1A5-A12C158595EF}"
EndProject
Project("{9A19103F-16F7-4668-BE54-9A1E7A4F7556}") = "PRMDesktopUI.Library", "PRMDesktopUI.Library\PRMDesktopUI.Library.csproj", "{81B9ADCC-0B1F-4B31-8E3C-D5E1796538B7}"
EndProject
Project("{2150E333-8FDC-42A3-9474-1A3956D46DE8}") = "Database", "Database", "{58C3721D-2307-416E-B3B5-C9D01706A921}"
EndProject
Project("{2150E333-8FDC-42A3-9474-1A3956D46DE8}") = "API", "API", "{A050A9CC-FF0F-44AE-8BFC-5214E04FFBA8}"
EndProject
Project("{2150E333-8FDC-42A3-9474-1A3956D46DE8}") = "WPF", "WPF", "{7146EB12-3616-494E-815E-8599354D632D}"
EndProject
Project("{9A19103F-16F7-4668-BE54-9A1E7A4F7556}") = "PRMApi", "PRMApi\PRMApi.csproj", "{60AFE833-BB35-451E-B737-808C2EAE3B53}"
EndProject
Project("{2150E333-8FDC-42A3-9474-1A3956D46DE8}") = "Solution Items", "Solution Items", "{391CCA9B-B397-4590-BE38-F5A8751DFF8D}"
	ProjectSection(SolutionItems) = preProject
		Roadmap.txt = Roadmap.txt
	EndProjectSection
EndProject
Global
	GlobalSection(SolutionConfigurationPlatforms) = preSolution
		Debug|Any CPU = Debug|Any CPU
		Release|Any CPU = Release|Any CPU
	EndGlobalSection
	GlobalSection(ProjectConfigurationPlatforms) = postSolution
		{E45A7E3E-A22C-4536-9869-45B36884522C}.Debug|Any CPU.ActiveCfg = Debug|Any CPU
		{E45A7E3E-A22C-4536-9869-45B36884522C}.Debug|Any CPU.Build.0 = Debug|Any CPU
		{E45A7E3E-A22C-4536-9869-45B36884522C}.Debug|Any CPU.Deploy.0 = Debug|Any CPU
		{E45A7E3E-A22C-4536-9869-45B36884522C}.Release|Any CPU.ActiveCfg = Release|Any CPU
		{E45A7E3E-A22C-4536-9869-45B36884522C}.Release|Any CPU.Build.0 = Release|Any CPU
		{E45A7E3E-A22C-4536-9869-45B36884522C}.Release|Any CPU.Deploy.0 = Release|Any CPU
		{0002341E-B275-457E-BC5A-9FF9AE9A6B4E}.Debug|Any CPU.ActiveCfg = Debug|Any CPU
		{0002341E-B275-457E-BC5A-9FF9AE9A6B4E}.Debug|Any CPU.Build.0 = Debug|Any CPU
		{0002341E-B275-457E-BC5A-9FF9AE9A6B4E}.Release|Any CPU.ActiveCfg = Release|Any CPU
		{0002341E-B275-457E-BC5A-9FF9AE9A6B4E}.Release|Any CPU.Build.0 = Release|Any CPU
		{C122976F-3832-4F35-A1A5-A12C158595EF}.Debug|Any CPU.ActiveCfg = Debug|Any CPU
		{C122976F-3832-4F35-A1A5-A12C158595EF}.Debug|Any CPU.Build.0 = Debug|Any CPU
		{C122976F-3832-4F35-A1A5-A12C158595EF}.Release|Any CPU.ActiveCfg = Release|Any CPU
		{C122976F-3832-4F35-A1A5-A12C158595EF}.Release|Any CPU.Build.0 = Release|Any CPU
		{81B9ADCC-0B1F-4B31-8E3C-D5E1796538B7}.Debug|Any CPU.ActiveCfg = Debug|Any CPU
		{81B9ADCC-0B1F-4B31-8E3C-D5E1796538B7}.Debug|Any CPU.Build.0 = Debug|Any CPU
		{81B9ADCC-0B1F-4B31-8E3C-D5E1796538B7}.Release|Any CPU.ActiveCfg = Release|Any CPU
		{81B9ADCC-0B1F-4B31-8E3C-D5E1796538B7}.Release|Any CPU.Build.0 = Release|Any CPU
		{60AFE833-BB35-451E-B737-808C2EAE3B53}.Debug|Any CPU.ActiveCfg = Debug|Any CPU
		{60AFE833-BB35-451E-B737-808C2EAE3B53}.Debug|Any CPU.Build.0 = Debug|Any CPU
		{60AFE833-BB35-451E-B737-808C2EAE3B53}.Release|Any CPU.ActiveCfg = Release|Any CPU
		{60AFE833-BB35-451E-B737-808C2EAE3B53}.Release|Any CPU.Build.0 = Release|Any CPU
	EndGlobalSection
	GlobalSection(SolutionProperties) = preSolution
		HideSolutionNode = FALSE
	EndGlobalSection
	GlobalSection(NestedProjects) = preSolution
		{E45A7E3E-A22C-4536-9869-45B36884522C} = {58C3721D-2307-416E-B3B5-C9D01706A921}
		{0002341E-B275-457E-BC5A-9FF9AE9A6B4E} = {7146EB12-3616-494E-815E-8599354D632D}
		{C122976F-3832-4F35-A1A5-A12C158595EF} = {A050A9CC-FF0F-44AE-8BFC-5214E04FFBA8}
		{81B9ADCC-0B1F-4B31-8E3C-D5E1796538B7} = {7146EB12-3616-494E-815E-8599354D632D}
		{60AFE833-BB35-451E-B737-808C2EAE3B53} = {A050A9CC-FF0F-44AE-8BFC-5214E04FFBA8}
	EndGlobalSection
	GlobalSection(ExtensibilityGlobals) = postSolution
		SolutionGuid = {D1CF7692-AEA9-46EF-82FF-C0FBF40DC6DE}
	EndGlobalSection
EndGlobal
